
Microsoft Visual Studio Solution File, Format Version 12.00
# Visual Studio Version 17
VisualStudioVersion = 17.5.002.0
MinimumVisualStudioVersion = 10.0.40219.1
Project("{9A19103F-16F7-4668-BE54-9A1E7A4F7556}") = "Lexico2", "Lexico2.csproj", "{94C828AB-91AC-4841-8FF5-5BEDB4E2FA6A}"
EndProject
Global
	GlobalSection(SolutionConfigurationPlatforms) = preSolution
		Debug|Any CPU = Debug|Any CPU
		Release|Any CPU = Release|Any CPU
	EndGlobalSection
	GlobalSection(ProjectConfigurationPlatforms) = postSolution
		{94C828AB-91AC-4841-8FF5-5BEDB4E2FA6A}.Debug|Any CPU.ActiveCfg = Debug|Any CPU
		{94C828AB-91AC-4841-8FF5-5BEDB4E2FA6A}.Debug|Any CPU.Build.0 = Debug|Any CPU
		{94C828AB-91AC-4841-8FF5-5BEDB4E2FA6A}.Release|Any CPU.ActiveCfg = Release|Any CPU
		{94C828AB-91AC-4841-8FF5-5BEDB4E2FA6A}.Release|Any CPU.Build.0 = Release|Any CPU
	EndGlobalSection
	GlobalSection(SolutionProperties) = preSolution
		HideSolutionNode = FALSE
	EndGlobalSection
	GlobalSection(ExtensibilityGlobals) = postSolution
		SolutionGuid = {2CC282D3-E08D-469A-AEB4-27E2EECCAE7A}
	EndGlobalSection
EndGlobal
